
Microsoft Visual Studio Solution File, Format Version 12.00
# Visual Studio Version 17
VisualStudioVersion = 17.3.32811.315
MinimumVisualStudioVersion = 10.0.40219.1
Project("{FAE04EC0-301F-11D3-BF4B-00C04F79EFBC}") = "MailSender", "MailSender\MailSender.csproj", "{FA5FE3EA-07D9-48C7-9EE6-D7E8F0685BCC}"
EndProject
Project("{FAE04EC0-301F-11D3-BF4B-00C04F79EFBC}") = "MailSender.Core", "MailSender.Core\MailSender.Core.csproj", "{89E632E2-494E-4078-8BE0-E8B012AEE254}"
EndProject
Project("{FAE04EC0-301F-11D3-BF4B-00C04F79EFBC}") = "Cipher", "Cipher\Cipher.csproj", "{D4C0900B-9514-4AFF-A6BE-0B813299B031}"
EndProject
Global
	GlobalSection(SolutionConfigurationPlatforms) = preSolution
		Debug|Any CPU = Debug|Any CPU
		Release|Any CPU = Release|Any CPU
	EndGlobalSection
	GlobalSection(ProjectConfigurationPlatforms) = postSolution
		{FA5FE3EA-07D9-48C7-9EE6-D7E8F0685BCC}.Debug|Any CPU.ActiveCfg = Debug|Any CPU
		{FA5FE3EA-07D9-48C7-9EE6-D7E8F0685BCC}.Debug|Any CPU.Build.0 = Debug|Any CPU
		{FA5FE3EA-07D9-48C7-9EE6-D7E8F0685BCC}.Release|Any CPU.ActiveCfg = Release|Any CPU
		{FA5FE3EA-07D9-48C7-9EE6-D7E8F0685BCC}.Release|Any CPU.Build.0 = Release|Any CPU
		{89E632E2-494E-4078-8BE0-E8B012AEE254}.Debug|Any CPU.ActiveCfg = Debug|Any CPU
		{89E632E2-494E-4078-8BE0-E8B012AEE254}.Debug|Any CPU.Build.0 = Debug|Any CPU
		{89E632E2-494E-4078-8BE0-E8B012AEE254}.Release|Any CPU.ActiveCfg = Release|Any CPU
		{89E632E2-494E-4078-8BE0-E8B012AEE254}.Release|Any CPU.Build.0 = Release|Any CPU
		{D4C0900B-9514-4AFF-A6BE-0B813299B031}.Debug|Any CPU.ActiveCfg = Debug|Any CPU
		{D4C0900B-9514-4AFF-A6BE-0B813299B031}.Debug|Any CPU.Build.0 = Debug|Any CPU
		{D4C0900B-9514-4AFF-A6BE-0B813299B031}.Release|Any CPU.ActiveCfg = Release|Any CPU
		{D4C0900B-9514-4AFF-A6BE-0B813299B031}.Release|Any CPU.Build.0 = Release|Any CPU
	EndGlobalSection
	GlobalSection(SolutionProperties) = preSolution
		HideSolutionNode = FALSE
	EndGlobalSection
	GlobalSection(ExtensibilityGlobals) = postSolution
		SolutionGuid = {F64A0D16-C1E7-4029-8FE6-A6DF570983DC}
	EndGlobalSection
EndGlobal
